
Microsoft Visual Studio Solution File, Format Version 12.00
# Visual Studio 14
VisualStudioVersion = 14.0.25420.1
MinimumVisualStudioVersion = 10.0.40219.1
Project("{FAE04EC0-301F-11D3-BF4B-00C04F79EFBC}") = "Client", "Client\Client.csproj", "{9BA00D96-B5ED-4CF9-A12D-08274881AB75}"
EndProject
Project("{2150E333-8FDC-42A3-9474-1A3956D46DE8}") = "Solution Items", "Solution Items", "{51F32CC5-506D-4666-8698-6BEBBEACB4EF}"
	ProjectSection(SolutionItems) = preProject
		Client\Stylised_Lithium_Atom.png = Client\Stylised_Lithium_Atom.png
	EndProjectSection
EndProject
Project("{FAE04EC0-301F-11D3-BF4B-00C04F79EFBC}") = "Server", "..\Server\Server.csproj", "{CB3BE78C-37A8-47FC-BB5C-A3D2EBF1BF5A}"
EndProject
Global
	GlobalSection(SolutionConfigurationPlatforms) = preSolution
		Debug|Any CPU = Debug|Any CPU
		Release|Any CPU = Release|Any CPU
	EndGlobalSection
	GlobalSection(ProjectConfigurationPlatforms) = postSolution
		{9BA00D96-B5ED-4CF9-A12D-08274881AB75}.Debug|Any CPU.ActiveCfg = Debug|Any CPU
		{9BA00D96-B5ED-4CF9-A12D-08274881AB75}.Debug|Any CPU.Build.0 = Debug|Any CPU
		{9BA00D96-B5ED-4CF9-A12D-08274881AB75}.Release|Any CPU.ActiveCfg = Release|Any CPU
		{9BA00D96-B5ED-4CF9-A12D-08274881AB75}.Release|Any CPU.Build.0 = Release|Any CPU
		{CB3BE78C-37A8-47FC-BB5C-A3D2EBF1BF5A}.Debug|Any CPU.ActiveCfg = Debug|Any CPU
		{CB3BE78C-37A8-47FC-BB5C-A3D2EBF1BF5A}.Debug|Any CPU.Build.0 = Debug|Any CPU
		{CB3BE78C-37A8-47FC-BB5C-A3D2EBF1BF5A}.Release|Any CPU.ActiveCfg = Release|Any CPU
		{CB3BE78C-37A8-47FC-BB5C-A3D2EBF1BF5A}.Release|Any CPU.Build.0 = Release|Any CPU
	EndGlobalSection
	GlobalSection(SolutionProperties) = preSolution
		HideSolutionNode = FALSE
	EndGlobalSection
EndGlobal
